// !$*UTF8*$!
{
	archiveVersion = 1;
	classes = {
	};
	objectVersion = 56;
	objects = {

/* Begin PBXBuildFile section */
		D2C1E82328F7B527007D060B /* AppDelegate.swift in Sources */ = {isa = PBXBuildFile; fileRef = D2C1E82228F7B527007D060B /* AppDelegate.swift */; };
		D2C1E82528F7B527007D060B /* SceneDelegate.swift in Sources */ = {isa = PBXBuildFile; fileRef = D2C1E82428F7B527007D060B /* SceneDelegate.swift */; };
		D2C1E82728F7B527007D060B /* SignInViewController.swift in Sources */ = {isa = PBXBuildFile; fileRef = D2C1E82628F7B527007D060B /* SignInViewController.swift */; };
		D2C1E82A28F7B527007D060B /* Main.storyboard in Resources */ = {isa = PBXBuildFile; fileRef = D2C1E82828F7B527007D060B /* Main.storyboard */; };
		D2C1E82D28F7B527007D060B /* INSOPT_Second_Assignment22.xcdatamodeld in Sources */ = {isa = PBXBuildFile; fileRef = D2C1E82B28F7B527007D060B /* INSOPT_Second_Assignment22.xcdatamodeld */; };
		D2C1E82F28F7B528007D060B /* Assets.xcassets in Resources */ = {isa = PBXBuildFile; fileRef = D2C1E82E28F7B528007D060B /* Assets.xcassets */; };
		D2C1E83228F7B528007D060B /* LaunchScreen.storyboard in Resources */ = {isa = PBXBuildFile; fileRef = D2C1E83028F7B528007D060B /* LaunchScreen.storyboard */; };
		D2C1E83D28F7B529007D060B /* INSOPT_Second_Assignment22Tests.swift in Sources */ = {isa = PBXBuildFile; fileRef = D2C1E83C28F7B529007D060B /* INSOPT_Second_Assignment22Tests.swift */; };
		D2C1E84728F7B529007D060B /* INSOPT_Second_Assignment22UITests.swift in Sources */ = {isa = PBXBuildFile; fileRef = D2C1E84628F7B529007D060B /* INSOPT_Second_Assignment22UITests.swift */; };
		D2C1E84928F7B529007D060B /* INSOPT_Second_Assignment22UITestsLaunchTests.swift in Sources */ = {isa = PBXBuildFile; fileRef = D2C1E84828F7B529007D060B /* INSOPT_Second_Assignment22UITestsLaunchTests.swift */; };
		D2C1E85728F7B60A007D060B /* SnapKit in Frameworks */ = {isa = PBXBuildFile; productRef = D2C1E85628F7B60A007D060B /* SnapKit */; };
		D2C1E85928F7B61E007D060B /* SignUpViewController.swift in Sources */ = {isa = PBXBuildFile; fileRef = D2C1E85828F7B61E007D060B /* SignUpViewController.swift */; };
		D2C1E85C28F7B634007D060B /* WelcomeViewController.swift in Sources */ = {isa = PBXBuildFile; fileRef = D2C1E85B28F7B634007D060B /* WelcomeViewController.swift */; };
		D2C1E85E28F7B649007D060B /* FriendTabViewController.swift in Sources */ = {isa = PBXBuildFile; fileRef = D2C1E85D28F7B649007D060B /* FriendTabViewController.swift */; };
		D2C1E86228F7CBF6007D060B /* ProfileViewController.swift in Sources */ = {isa = PBXBuildFile; fileRef = D2C1E86128F7CBF6007D060B /* ProfileViewController.swift */; };
/* End PBXBuildFile section */

/* Begin PBXContainerItemProxy section */
		D2C1E83928F7B529007D060B /* PBXContainerItemProxy */ = {
			isa = PBXContainerItemProxy;
			containerPortal = D2C1E81728F7B527007D060B /* Project object */;
			proxyType = 1;
			remoteGlobalIDString = D2C1E81E28F7B527007D060B;
			remoteInfo = INSOPT_Second_Assignment22;
		};
		D2C1E84328F7B529007D060B /* PBXContainerItemProxy */ = {
			isa = PBXContainerItemProxy;
			containerPortal = D2C1E81728F7B527007D060B /* Project object */;
			proxyType = 1;
			remoteGlobalIDString = D2C1E81E28F7B527007D060B;
			remoteInfo = INSOPT_Second_Assignment22;
		};
/* End PBXContainerItemProxy section */

/* Begin PBXFileReference section */
		D2C1E81F28F7B527007D060B /* INSOPT_Second_Assignment22.app */ = {isa = PBXFileReference; explicitFileType = wrapper.application; includeInIndex = 0; path = INSOPT_Second_Assignment22.app; sourceTree = BUILT_PRODUCTS_DIR; };
		D2C1E82228F7B527007D060B /* AppDelegate.swift */ = {isa = PBXFileReference; lastKnownFileType = sourcecode.swift; path = AppDelegate.swift; sourceTree = "<group>"; };
		D2C1E82428F7B527007D060B /* SceneDelegate.swift */ = {isa = PBXFileReference; lastKnownFileType = sourcecode.swift; path = SceneDelegate.swift; sourceTree = "<group>"; };
		D2C1E82628F7B527007D060B /* SignInViewController.swift */ = {isa = PBXFileReference; lastKnownFileType = sourcecode.swift; path = SignInViewController.swift; sourceTree = "<group>"; };
		D2C1E82928F7B527007D060B /* Base */ = {isa = PBXFileReference; lastKnownFileType = file.storyboard; name = Base; path = Base.lproj/Main.storyboard; sourceTree = "<group>"; };
		D2C1E82C28F7B527007D060B /* INSOPT_Second_Assignment22.xcdatamodel */ = {isa = PBXFileReference; lastKnownFileType = wrapper.xcdatamodel; path = INSOPT_Second_Assignment22.xcdatamodel; sourceTree = "<group>"; };
		D2C1E82E28F7B528007D060B /* Assets.xcassets */ = {isa = PBXFileReference; lastKnownFileType = folder.assetcatalog; path = Assets.xcassets; sourceTree = "<group>"; };
		D2C1E83128F7B528007D060B /* Base */ = {isa = PBXFileReference; lastKnownFileType = file.storyboard; name = Base; path = Base.lproj/LaunchScreen.storyboard; sourceTree = "<group>"; };
		D2C1E83328F7B528007D060B /* Info.plist */ = {isa = PBXFileReference; lastKnownFileType = text.plist.xml; path = Info.plist; sourceTree = "<group>"; };
		D2C1E83828F7B529007D060B /* INSOPT_Second_Assignment22Tests.xctest */ = {isa = PBXFileReference; explicitFileType = wrapper.cfbundle; includeInIndex = 0; path = INSOPT_Second_Assignment22Tests.xctest; sourceTree = BUILT_PRODUCTS_DIR; };
		D2C1E83C28F7B529007D060B /* INSOPT_Second_Assignment22Tests.swift */ = {isa = PBXFileReference; lastKnownFileType = sourcecode.swift; path = INSOPT_Second_Assignment22Tests.swift; sourceTree = "<group>"; };
		D2C1E84228F7B529007D060B /* INSOPT_Second_Assignment22UITests.xctest */ = {isa = PBXFileReference; explicitFileType = wrapper.cfbundle; includeInIndex = 0; path = INSOPT_Second_Assignment22UITests.xctest; sourceTree = BUILT_PRODUCTS_DIR; };
		D2C1E84628F7B529007D060B /* INSOPT_Second_Assignment22UITests.swift */ = {isa = PBXFileReference; lastKnownFileType = sourcecode.swift; path = INSOPT_Second_Assignment22UITests.swift; sourceTree = "<group>"; };
		D2C1E84828F7B529007D060B /* INSOPT_Second_Assignment22UITestsLaunchTests.swift */ = {isa = PBXFileReference; lastKnownFileType = sourcecode.swift; path = INSOPT_Second_Assignment22UITestsLaunchTests.swift; sourceTree = "<group>"; };
		D2C1E85828F7B61E007D060B /* SignUpViewController.swift */ = {isa = PBXFileReference; lastKnownFileType = sourcecode.swift; path = SignUpViewController.swift; sourceTree = "<group>"; };
		D2C1E85B28F7B634007D060B /* WelcomeViewController.swift */ = {isa = PBXFileReference; lastKnownFileType = sourcecode.swift; path = WelcomeViewController.swift; sourceTree = "<group>"; };
		D2C1E85D28F7B649007D060B /* FriendTabViewController.swift */ = {isa = PBXFileReference; lastKnownFileType = sourcecode.swift; path = FriendTabViewController.swift; sourceTree = "<group>"; };
		D2C1E86128F7CBF6007D060B /* ProfileViewController.swift */ = {isa = PBXFileReference; lastKnownFileType = sourcecode.swift; path = ProfileViewController.swift; sourceTree = "<group>"; };
/* End PBXFileReference section */

/* Begin PBXFrameworksBuildPhase section */
		D2C1E81C28F7B527007D060B /* Frameworks */ = {
			isa = PBXFrameworksBuildPhase;
			buildActionMask = 2147483647;
			files = (
				D2C1E85728F7B60A007D060B /* SnapKit in Frameworks */,
			);
			runOnlyForDeploymentPostprocessing = 0;
		};
		D2C1E83528F7B529007D060B /* Frameworks */ = {
			isa = PBXFrameworksBuildPhase;
			buildActionMask = 2147483647;
			files = (
			);
			runOnlyForDeploymentPostprocessing = 0;
		};
		D2C1E83F28F7B529007D060B /* Frameworks */ = {
			isa = PBXFrameworksBuildPhase;
			buildActionMask = 2147483647;
			files = (
			);
			runOnlyForDeploymentPostprocessing = 0;
		};
/* End PBXFrameworksBuildPhase section */

/* Begin PBXGroup section */
		D2C1E81628F7B527007D060B = {
			isa = PBXGroup;
			children = (
				D2C1E82128F7B527007D060B /* INSOPT_Second_Assignment22 */,
				D2C1E83B28F7B529007D060B /* INSOPT_Second_Assignment22Tests */,
				D2C1E84528F7B529007D060B /* INSOPT_Second_Assignment22UITests */,
				D2C1E82028F7B527007D060B /* Products */,
			);
			sourceTree = "<group>";
		};
		D2C1E82028F7B527007D060B /* Products */ = {
			isa = PBXGroup;
			children = (
				D2C1E81F28F7B527007D060B /* INSOPT_Second_Assignment22.app */,
				D2C1E83828F7B529007D060B /* INSOPT_Second_Assignment22Tests.xctest */,
				D2C1E84228F7B529007D060B /* INSOPT_Second_Assignment22UITests.xctest */,
			);
			name = Products;
			sourceTree = "<group>";
		};
		D2C1E82128F7B527007D060B /* INSOPT_Second_Assignment22 */ = {
			isa = PBXGroup;
			children = (
				D2C1E82628F7B527007D060B /* SignInViewController.swift */,
				D2C1E85828F7B61E007D060B /* SignUpViewController.swift */,
				D2C1E85B28F7B634007D060B /* WelcomeViewController.swift */,
				D2C1E85D28F7B649007D060B /* FriendTabViewController.swift */,
				D2C1E86128F7CBF6007D060B /* ProfileViewController.swift */,
				D2C1E82428F7B527007D060B /* SceneDelegate.swift */,
				D2C1E83328F7B528007D060B /* Info.plist */,
				D2C1E83028F7B528007D060B /* LaunchScreen.storyboard */,
				D2C1E82228F7B527007D060B /* AppDelegate.swift */,
				D2C1E82828F7B527007D060B /* Main.storyboard */,
				D2C1E82E28F7B528007D060B /* Assets.xcassets */,
				D2C1E82B28F7B527007D060B /* INSOPT_Second_Assignment22.xcdatamodeld */,
			);
			path = INSOPT_Second_Assignment22;
			sourceTree = "<group>";
		};
		D2C1E83B28F7B529007D060B /* INSOPT_Second_Assignment22Tests */ = {
			isa = PBXGroup;
			children = (
				D2C1E83C28F7B529007D060B /* INSOPT_Second_Assignment22Tests.swift */,
			);
			path = INSOPT_Second_Assignment22Tests;
			sourceTree = "<group>";
		};
		D2C1E84528F7B529007D060B /* INSOPT_Second_Assignment22UITests */ = {
			isa = PBXGroup;
			children = (
				D2C1E84628F7B529007D060B /* INSOPT_Second_Assignment22UITests.swift */,
				D2C1E84828F7B529007D060B /* INSOPT_Second_Assignment22UITestsLaunchTests.swift */,
			);
			path = INSOPT_Second_Assignment22UITests;
			sourceTree = "<group>";
		};
/* End PBXGroup section */

/* Begin PBXNativeTarget section */
		D2C1E81E28F7B527007D060B /* INSOPT_Second_Assignment22 */ = {
			isa = PBXNativeTarget;
			buildConfigurationList = D2C1E84C28F7B529007D060B /* Build configuration list for PBXNativeTarget "INSOPT_Second_Assignment22" */;
			buildPhases = (
				D2C1E81B28F7B527007D060B /* Sources */,
				D2C1E81C28F7B527007D060B /* Frameworks */,
				D2C1E81D28F7B527007D060B /* Resources */,
			);
			buildRules = (
			);
			dependencies = (
			);
			name = INSOPT_Second_Assignment22;
			packageProductDependencies = (
				D2C1E85628F7B60A007D060B /* SnapKit */,
			);
			productName = INSOPT_Second_Assignment22;
			productReference = D2C1E81F28F7B527007D060B /* INSOPT_Second_Assignment22.app */;
			productType = "com.apple.product-type.application";
		};
		D2C1E83728F7B529007D060B /* INSOPT_Second_Assignment22Tests */ = {
			isa = PBXNativeTarget;
			buildConfigurationList = D2C1E84F28F7B529007D060B /* Build configuration list for PBXNativeTarget "INSOPT_Second_Assignment22Tests" */;
			buildPhases = (
				D2C1E83428F7B529007D060B /* Sources */,
				D2C1E83528F7B529007D060B /* Frameworks */,
				D2C1E83628F7B529007D060B /* Resources */,
			);
			buildRules = (
			);
			dependencies = (
				D2C1E83A28F7B529007D060B /* PBXTargetDependency */,
			);
			name = INSOPT_Second_Assignment22Tests;
			productName = INSOPT_Second_Assignment22Tests;
			productReference = D2C1E83828F7B529007D060B /* INSOPT_Second_Assignment22Tests.xctest */;
			productType = "com.apple.product-type.bundle.unit-test";
		};
		D2C1E84128F7B529007D060B /* INSOPT_Second_Assignment22UITests */ = {
			isa = PBXNativeTarget;
			buildConfigurationList = D2C1E85228F7B529007D060B /* Build configuration list for PBXNativeTarget "INSOPT_Second_Assignment22UITests" */;
			buildPhases = (
				D2C1E83E28F7B529007D060B /* Sources */,
				D2C1E83F28F7B529007D060B /* Frameworks */,
				D2C1E84028F7B529007D060B /* Resources */,
			);
			buildRules = (
			);
			dependencies = (
				D2C1E84428F7B529007D060B /* PBXTargetDependency */,
			);
			name = INSOPT_Second_Assignment22UITests;
			productName = INSOPT_Second_Assignment22UITests;
			productReference = D2C1E84228F7B529007D060B /* INSOPT_Second_Assignment22UITests.xctest */;
			productType = "com.apple.product-type.bundle.ui-testing";
		};
/* End PBXNativeTarget section */

/* Begin PBXProject section */
		D2C1E81728F7B527007D060B /* Project object */ = {
			isa = PBXProject;
			attributes = {
				BuildIndependentTargetsInParallel = 1;
				LastSwiftUpdateCheck = 1400;
				LastUpgradeCheck = 1400;
				TargetAttributes = {
					D2C1E81E28F7B527007D060B = {
						CreatedOnToolsVersion = 14.0.1;
					};
					D2C1E83728F7B529007D060B = {
						CreatedOnToolsVersion = 14.0.1;
						TestTargetID = D2C1E81E28F7B527007D060B;
					};
					D2C1E84128F7B529007D060B = {
						CreatedOnToolsVersion = 14.0.1;
						TestTargetID = D2C1E81E28F7B527007D060B;
					};
				};
			};
			buildConfigurationList = D2C1E81A28F7B527007D060B /* Build configuration list for PBXProject "INSOPT_Second_Assignment22" */;
			compatibilityVersion = "Xcode 14.0";
			developmentRegion = en;
			hasScannedForEncodings = 0;
			knownRegions = (
				en,
				Base,
			);
			mainGroup = D2C1E81628F7B527007D060B;
			packageReferences = (
				D2C1E85528F7B60A007D060B /* XCRemoteSwiftPackageReference "SnapKit" */,
			);
			productRefGroup = D2C1E82028F7B527007D060B /* Products */;
			projectDirPath = "";
			projectRoot = "";
			targets = (
				D2C1E81E28F7B527007D060B /* INSOPT_Second_Assignment22 */,
				D2C1E83728F7B529007D060B /* INSOPT_Second_Assignment22Tests */,
				D2C1E84128F7B529007D060B /* INSOPT_Second_Assignment22UITests */,
			);
		};
/* End PBXProject section */

/* Begin PBXResourcesBuildPhase section */
		D2C1E81D28F7B527007D060B /* Resources */ = {
			isa = PBXResourcesBuildPhase;
			buildActionMask = 2147483647;
			files = (
				D2C1E83228F7B528007D060B /* LaunchScreen.storyboard in Resources */,
				D2C1E82F28F7B528007D060B /* Assets.xcassets in Resources */,
				D2C1E82A28F7B527007D060B /* Main.storyboard in Resources */,
			);
			runOnlyForDeploymentPostprocessing = 0;
		};
		D2C1E83628F7B529007D060B /* Resources */ = {
			isa = PBXResourcesBuildPhase;
			buildActionMask = 2147483647;
			files = (
			);
			runOnlyForDeploymentPostprocessing = 0;
		};
		D2C1E84028F7B529007D060B /* Resources */ = {
			isa = PBXResourcesBuildPhase;
			buildActionMask = 2147483647;
			files = (
			);
			runOnlyForDeploymentPostprocessing = 0;
		};
/* End PBXResourcesBuildPhase section */

/* Begin PBXSourcesBuildPhase section */
		D2C1E81B28F7B527007D060B /* Sources */ = {
			isa = PBXSourcesBuildPhase;
			buildActionMask = 2147483647;
			files = (
				D2C1E82728F7B527007D060B /* SignInViewController.swift in Sources */,
				D2C1E82328F7B527007D060B /* AppDelegate.swift in Sources */,
				D2C1E82528F7B527007D060B /* SceneDelegate.swift in Sources */,
				D2C1E85C28F7B634007D060B /* WelcomeViewController.swift in Sources */,
				D2C1E82D28F7B527007D060B /* INSOPT_Second_Assignment22.xcdatamodeld in Sources */,
				D2C1E85928F7B61E007D060B /* SignUpViewController.swift in Sources */,
				D2C1E86228F7CBF6007D060B /* ProfileViewController.swift in Sources */,
				D2C1E85E28F7B649007D060B /* FriendTabViewController.swift in Sources */,
			);
			runOnlyForDeploymentPostprocessing = 0;
		};
		D2C1E83428F7B529007D060B /* Sources */ = {
			isa = PBXSourcesBuildPhase;
			buildActionMask = 2147483647;
			files = (
				D2C1E83D28F7B529007D060B /* INSOPT_Second_Assignment22Tests.swift in Sources */,
			);
			runOnlyForDeploymentPostprocessing = 0;
		};
		D2C1E83E28F7B529007D060B /* Sources */ = {
			isa = PBXSourcesBuildPhase;
			buildActionMask = 2147483647;
			files = (
				D2C1E84928F7B529007D060B /* INSOPT_Second_Assignment22UITestsLaunchTests.swift in Sources */,
				D2C1E84728F7B529007D060B /* INSOPT_Second_Assignment22UITests.swift in Sources */,
			);
			runOnlyForDeploymentPostprocessing = 0;
		};
/* End PBXSourcesBuildPhase section */

/* Begin PBXTargetDependency section */
		D2C1E83A28F7B529007D060B /* PBXTargetDependency */ = {
			isa = PBXTargetDependency;
			target = D2C1E81E28F7B527007D060B /* INSOPT_Second_Assignment22 */;
			targetProxy = D2C1E83928F7B529007D060B /* PBXContainerItemProxy */;
		};
		D2C1E84428F7B529007D060B /* PBXTargetDependency */ = {
			isa = PBXTargetDependency;
			target = D2C1E81E28F7B527007D060B /* INSOPT_Second_Assignment22 */;
			targetProxy = D2C1E84328F7B529007D060B /* PBXContainerItemProxy */;
		};
/* End PBXTargetDependency section */

/* Begin PBXVariantGroup section */
		D2C1E82828F7B527007D060B /* Main.storyboard */ = {
			isa = PBXVariantGroup;
			children = (
				D2C1E82928F7B527007D060B /* Base */,
			);
			name = Main.storyboard;
			sourceTree = "<group>";
		};
		D2C1E83028F7B528007D060B /* LaunchScreen.storyboard */ = {
			isa = PBXVariantGroup;
			children = (
				D2C1E83128F7B528007D060B /* Base */,
			);
			name = LaunchScreen.storyboard;
			sourceTree = "<group>";
		};
/* End PBXVariantGroup section */

/* Begin XCBuildConfiguration section */
		D2C1E84A28F7B529007D060B /* Debug */ = {
			isa = XCBuildConfiguration;
			buildSettings = {
				ALWAYS_SEARCH_USER_PATHS = NO;
				CLANG_ANALYZER_NONNULL = YES;
				CLANG_ANALYZER_NUMBER_OBJECT_CONVERSION = YES_AGGRESSIVE;
				CLANG_CXX_LANGUAGE_STANDARD = "gnu++20";
				CLANG_ENABLE_MODULES = YES;
				CLANG_ENABLE_OBJC_ARC = YES;
				CLANG_ENABLE_OBJC_WEAK = YES;
				CLANG_WARN_BLOCK_CAPTURE_AUTORELEASING = YES;
				CLANG_WARN_BOOL_CONVERSION = YES;
				CLANG_WARN_COMMA = YES;
				CLANG_WARN_CONSTANT_CONVERSION = YES;
				CLANG_WARN_DEPRECATED_OBJC_IMPLEMENTATIONS = YES;
				CLANG_WARN_DIRECT_OBJC_ISA_USAGE = YES_ERROR;
				CLANG_WARN_DOCUMENTATION_COMMENTS = YES;
				CLANG_WARN_EMPTY_BODY = YES;
				CLANG_WARN_ENUM_CONVERSION = YES;
				CLANG_WARN_INFINITE_RECURSION = YES;
				CLANG_WARN_INT_CONVERSION = YES;
				CLANG_WARN_NON_LITERAL_NULL_CONVERSION = YES;
				CLANG_WARN_OBJC_IMPLICIT_RETAIN_SELF = YES;
				CLANG_WARN_OBJC_LITERAL_CONVERSION = YES;
				CLANG_WARN_OBJC_ROOT_CLASS = YES_ERROR;
				CLANG_WARN_QUOTED_INCLUDE_IN_FRAMEWORK_HEADER = YES;
				CLANG_WARN_RANGE_LOOP_ANALYSIS = YES;
				CLANG_WARN_STRICT_PROTOTYPES = YES;
				CLANG_WARN_SUSPICIOUS_MOVE = YES;
				CLANG_WARN_UNGUARDED_AVAILABILITY = YES_AGGRESSIVE;
				CLANG_WARN_UNREACHABLE_CODE = YES;
				CLANG_WARN__DUPLICATE_METHOD_MATCH = YES;
				COPY_PHASE_STRIP = NO;
				DEBUG_INFORMATION_FORMAT = dwarf;
				ENABLE_STRICT_OBJC_MSGSEND = YES;
				ENABLE_TESTABILITY = YES;
				GCC_C_LANGUAGE_STANDARD = gnu11;
				GCC_DYNAMIC_NO_PIC = NO;
				GCC_NO_COMMON_BLOCKS = YES;
				GCC_OPTIMIZATION_LEVEL = 0;
				GCC_PREPROCESSOR_DEFINITIONS = (
					"DEBUG=1",
					"$(inherited)",
				);
				GCC_WARN_64_TO_32_BIT_CONVERSION = YES;
				GCC_WARN_ABOUT_RETURN_TYPE = YES_ERROR;
				GCC_WARN_UNDECLARED_SELECTOR = YES;
				GCC_WARN_UNINITIALIZED_AUTOS = YES_AGGRESSIVE;
				GCC_WARN_UNUSED_FUNCTION = YES;
				GCC_WARN_UNUSED_VARIABLE = YES;
				IPHONEOS_DEPLOYMENT_TARGET = 16.0;
				MTL_ENABLE_DEBUG_INFO = INCLUDE_SOURCE;
				MTL_FAST_MATH = YES;
				ONLY_ACTIVE_ARCH = YES;
				SDKROOT = iphoneos;
				SWIFT_ACTIVE_COMPILATION_CONDITIONS = DEBUG;
				SWIFT_OPTIMIZATION_LEVEL = "-Onone";
			};
			name = Debug;
		};
		D2C1E84B28F7B529007D060B /* Release */ = {
			isa = XCBuildConfiguration;
			buildSettings = {
				ALWAYS_SEARCH_USER_PATHS = NO;
				CLANG_ANALYZER_NONNULL = YES;
				CLANG_ANALYZER_NUMBER_OBJECT_CONVERSION = YES_AGGRESSIVE;
				CLANG_CXX_LANGUAGE_STANDARD = "gnu++20";
				CLANG_ENABLE_MODULES = YES;
				CLANG_ENABLE_OBJC_ARC = YES;
				CLANG_ENABLE_OBJC_WEAK = YES;
				CLANG_WARN_BLOCK_CAPTURE_AUTORELEASING = YES;
				CLANG_WARN_BOOL_CONVERSION = YES;
				CLANG_WARN_COMMA = YES;
				CLANG_WARN_CONSTANT_CONVERSION = YES;
				CLANG_WARN_DEPRECATED_OBJC_IMPLEMENTATIONS = YES;
				CLANG_WARN_DIRECT_OBJC_ISA_USAGE = YES_ERROR;
				CLANG_WARN_DOCUMENTATION_COMMENTS = YES;
				CLANG_WARN_EMPTY_BODY = YES;
				CLANG_WARN_ENUM_CONVERSION = YES;
				CLANG_WARN_INFINITE_RECURSION = YES;
				CLANG_WARN_INT_CONVERSION = YES;
				CLANG_WARN_NON_LITERAL_NULL_CONVERSION = YES;
				CLANG_WARN_OBJC_IMPLICIT_RETAIN_SELF = YES;
				CLANG_WARN_OBJC_LITERAL_CONVERSION = YES;
				CLANG_WARN_OBJC_ROOT_CLASS = YES_ERROR;
				CLANG_WARN_QUOTED_INCLUDE_IN_FRAMEWORK_HEADER = YES;
				CLANG_WARN_RANGE_LOOP_ANALYSIS = YES;
				CLANG_WARN_STRICT_PROTOTYPES = YES;
				CLANG_WARN_SUSPICIOUS_MOVE = YES;
				CLANG_WARN_UNGUARDED_AVAILABILITY = YES_AGGRESSIVE;
				CLANG_WARN_UNREACHABLE_CODE = YES;
				CLANG_WARN__DUPLICATE_METHOD_MATCH = YES;
				COPY_PHASE_STRIP = NO;
				DEBUG_INFORMATION_FORMAT = "dwarf-with-dsym";
				ENABLE_NS_ASSERTIONS = NO;
				ENABLE_STRICT_OBJC_MSGSEND = YES;
				GCC_C_LANGUAGE_STANDARD = gnu11;
				GCC_NO_COMMON_BLOCKS = YES;
				GCC_WARN_64_TO_32_BIT_CONVERSION = YES;
				GCC_WARN_ABOUT_RETURN_TYPE = YES_ERROR;
				GCC_WARN_UNDECLARED_SELECTOR = YES;
				GCC_WARN_UNINITIALIZED_AUTOS = YES_AGGRESSIVE;
				GCC_WARN_UNUSED_FUNCTION = YES;
				GCC_WARN_UNUSED_VARIABLE = YES;
				IPHONEOS_DEPLOYMENT_TARGET = 16.0;
				MTL_ENABLE_DEBUG_INFO = NO;
				MTL_FAST_MATH = YES;
				SDKROOT = iphoneos;
				SWIFT_COMPILATION_MODE = wholemodule;
				SWIFT_OPTIMIZATION_LEVEL = "-O";
				VALIDATE_PRODUCT = YES;
			};
			name = Release;
		};
		D2C1E84D28F7B529007D060B /* Debug */ = {
			isa = XCBuildConfiguration;
			buildSettings = {
				ASSETCATALOG_COMPILER_APPICON_NAME = AppIcon;
				ASSETCATALOG_COMPILER_GLOBAL_ACCENT_COLOR_NAME = AccentColor;
				CODE_SIGN_STYLE = Automatic;
				CURRENT_PROJECT_VERSION = 1;
				DEVELOPMENT_TEAM = 27VUFHH5W2;
				GENERATE_INFOPLIST_FILE = YES;
				INFOPLIST_FILE = INSOPT_Second_Assignment22/Info.plist;
				INFOPLIST_KEY_UIApplicationSupportsIndirectInputEvents = YES;
				INFOPLIST_KEY_UILaunchStoryboardName = LaunchScreen;
				INFOPLIST_KEY_UIMainStoryboardFile = Main;
				INFOPLIST_KEY_UISupportedInterfaceOrientations_iPad = "UIInterfaceOrientationPortrait UIInterfaceOrientationPortraitUpsideDown UIInterfaceOrientationLandscapeLeft UIInterfaceOrientationLandscapeRight";
				INFOPLIST_KEY_UISupportedInterfaceOrientations_iPhone = "UIInterfaceOrientationPortrait UIInterfaceOrientationLandscapeLeft UIInterfaceOrientationLandscapeRight";
				LD_RUNPATH_SEARCH_PATHS = (
					"$(inherited)",
					"@executable_path/Frameworks",
				);
				MARKETING_VERSION = 1.0;
				PRODUCT_BUNDLE_IDENTIFIER = "heejae.INSOPT-Second-Assignment22";
				PRODUCT_NAME = "$(TARGET_NAME)";
				SWIFT_EMIT_LOC_STRINGS = YES;
				SWIFT_VERSION = 5.0;
				TARGETED_DEVICE_FAMILY = "1,2";
			};
			name = Debug;
		};
		D2C1E84E28F7B529007D060B /* Release */ = {
			isa = XCBuildConfiguration;
			buildSettings = {
				ASSETCATALOG_COMPILER_APPICON_NAME = AppIcon;
				ASSETCATALOG_COMPILER_GLOBAL_ACCENT_COLOR_NAME = AccentColor;
				CODE_SIGN_STYLE = Automatic;
				CURRENT_PROJECT_VERSION = 1;
				DEVELOPMENT_TEAM = 27VUFHH5W2;
				GENERATE_INFOPLIST_FILE = YES;
				INFOPLIST_FILE = INSOPT_Second_Assignment22/Info.plist;
				INFOPLIST_KEY_UIApplicationSupportsIndirectInputEvents = YES;
				INFOPLIST_KEY_UILaunchStoryboardName = LaunchScreen;
				INFOPLIST_KEY_UIMainStoryboardFile = Main;
				INFOPLIST_KEY_UISupportedInterfaceOrientations_iPad = "UIInterfaceOrientationPortrait UIInterfaceOrientationPortraitUpsideDown UIInterfaceOrientationLandscapeLeft UIInterfaceOrientationLandscapeRight";
				INFOPLIST_KEY_UISupportedInterfaceOrientations_iPhone = "UIInterfaceOrientationPortrait UIInterfaceOrientationLandscapeLeft UIInterfaceOrientationLandscapeRight";
				LD_RUNPATH_SEARCH_PATHS = (
					"$(inherited)",
					"@executable_path/Frameworks",
				);
				MARKETING_VERSION = 1.0;
				PRODUCT_BUNDLE_IDENTIFIER = "heejae.INSOPT-Second-Assignment22";
				PRODUCT_NAME = "$(TARGET_NAME)";
				SWIFT_EMIT_LOC_STRINGS = YES;
				SWIFT_VERSION = 5.0;
				TARGETED_DEVICE_FAMILY = "1,2";
			};
			name = Release;
		};
		D2C1E85028F7B529007D060B /* Debug */ = {
			isa = XCBuildConfiguration;
			buildSettings = {
				ALWAYS_EMBED_SWIFT_STANDARD_LIBRARIES = YES;
				BUNDLE_LOADER = "$(TEST_HOST)";
				CODE_SIGN_STYLE = Automatic;
				CURRENT_PROJECT_VERSION = 1;
				DEVELOPMENT_TEAM = 27VUFHH5W2;
				GENERATE_INFOPLIST_FILE = YES;
				IPHONEOS_DEPLOYMENT_TARGET = 16.0;
				MARKETING_VERSION = 1.0;
				PRODUCT_BUNDLE_IDENTIFIER = "heejae.INSOPT-Second-Assignment22Tests";
				PRODUCT_NAME = "$(TARGET_NAME)";
				SWIFT_EMIT_LOC_STRINGS = NO;
				SWIFT_VERSION = 5.0;
				TARGETED_DEVICE_FAMILY = "1,2";
				TEST_HOST = "$(BUILT_PRODUCTS_DIR)/INSOPT_Second_Assignment22.app/$(BUNDLE_EXECUTABLE_FOLDER_PATH)/INSOPT_Second_Assignment22";
			};
			name = Debug;
		};
		D2C1E85128F7B529007D060B /* Release */ = {
			isa = XCBuildConfiguration;
			buildSettings = {
				ALWAYS_EMBED_SWIFT_STANDARD_LIBRARIES = YES;
				BUNDLE_LOADER = "$(TEST_HOST)";
				CODE_SIGN_STYLE = Automatic;
				CURRENT_PROJECT_VERSION = 1;
				DEVELOPMENT_TEAM = 27VUFHH5W2;
				GENERATE_INFOPLIST_FILE = YES;
				IPHONEOS_DEPLOYMENT_TARGET = 16.0;
				MARKETING_VERSION = 1.0;
				PRODUCT_BUNDLE_IDENTIFIER = "heejae.INSOPT-Second-Assignment22Tests";
				PRODUCT_NAME = "$(TARGET_NAME)";
				SWIFT_EMIT_LOC_STRINGS = NO;
				SWIFT_VERSION = 5.0;
				TARGETED_DEVICE_FAMILY = "1,2";
				TEST_HOST = "$(BUILT_PRODUCTS_DIR)/INSOPT_Second_Assignment22.app/$(BUNDLE_EXECUTABLE_FOLDER_PATH)/INSOPT_Second_Assignment22";
			};
			name = Release;
		};
		D2C1E85328F7B529007D060B /* Debug */ = {
			isa = XCBuildConfiguration;
			buildSettings = {
				ALWAYS_EMBED_SWIFT_STANDARD_LIBRARIES = YES;
				CODE_SIGN_STYLE = Automatic;
				CURRENT_PROJECT_VERSION = 1;
				DEVELOPMENT_TEAM = 27VUFHH5W2;
				GENERATE_INFOPLIST_FILE = YES;
				MARKETING_VERSION = 1.0;
				PRODUCT_BUNDLE_IDENTIFIER = "heejae.INSOPT-Second-Assignment22UITests";
				PRODUCT_NAME = "$(TARGET_NAME)";
				SWIFT_EMIT_LOC_STRINGS = NO;
				SWIFT_VERSION = 5.0;
				TARGETED_DEVICE_FAMILY = "1,2";
				TEST_TARGET_NAME = INSOPT_Second_Assignment22;
			};
			name = Debug;
		};
		D2C1E85428F7B529007D060B /* Release */ = {
			isa = XCBuildConfiguration;
			buildSettings = {
				ALWAYS_EMBED_SWIFT_STANDARD_LIBRARIES = YES;
				CODE_SIGN_STYLE = Automatic;
				CURRENT_PROJECT_VERSION = 1;
				DEVELOPMENT_TEAM = 27VUFHH5W2;
				GENERATE_INFOPLIST_FILE = YES;
				MARKETING_VERSION = 1.0;
				PRODUCT_BUNDLE_IDENTIFIER = "heejae.INSOPT-Second-Assignment22UITests";
				PRODUCT_NAME = "$(TARGET_NAME)";
				SWIFT_EMIT_LOC_STRINGS = NO;
				SWIFT_VERSION = 5.0;
				TARGETED_DEVICE_FAMILY = "1,2";
				TEST_TARGET_NAME = INSOPT_Second_Assignment22;
			};
			name = Release;
		};
/* End XCBuildConfiguration section */

/* Begin XCConfigurationList section */
		D2C1E81A28F7B527007D060B /* Build configuration list for PBXProject "INSOPT_Second_Assignment22" */ = {
			isa = XCConfigurationList;
			buildConfigurations = (
				D2C1E84A28F7B529007D060B /* Debug */,
				D2C1E84B28F7B529007D060B /* Release */,
			);
			defaultConfigurationIsVisible = 0;
			defaultConfigurationName = Release;
		};
		D2C1E84C28F7B529007D060B /* Build configuration list for PBXNativeTarget "INSOPT_Second_Assignment22" */ = {
			isa = XCConfigurationList;
			buildConfigurations = (
				D2C1E84D28F7B529007D060B /* Debug */,
				D2C1E84E28F7B529007D060B /* Release */,
			);
			defaultConfigurationIsVisible = 0;
			defaultConfigurationName = Release;
		};
		D2C1E84F28F7B529007D060B /* Build configuration list for PBXNativeTarget "INSOPT_Second_Assignment22Tests" */ = {
			isa = XCConfigurationList;
			buildConfigurations = (
				D2C1E85028F7B529007D060B /* Debug */,
				D2C1E85128F7B529007D060B /* Release */,
			);
			defaultConfigurationIsVisible = 0;
			defaultConfigurationName = Release;
		};
		D2C1E85228F7B529007D060B /* Build configuration list for PBXNativeTarget "INSOPT_Second_Assignment22UITests" */ = {
			isa = XCConfigurationList;
			buildConfigurations = (
				D2C1E85328F7B529007D060B /* Debug */,
				D2C1E85428F7B529007D060B /* Release */,
			);
			defaultConfigurationIsVisible = 0;
			defaultConfigurationName = Release;
		};
/* End XCConfigurationList section */

/* Begin XCRemoteSwiftPackageReference section */
		D2C1E85528F7B60A007D060B /* XCRemoteSwiftPackageReference "SnapKit" */ = {
			isa = XCRemoteSwiftPackageReference;
			repositoryURL = "https://github.com/SnapKit/SnapKit.git";
			requirement = {
				kind = upToNextMajorVersion;
				minimumVersion = 5.0.0;
			};
		};
/* End XCRemoteSwiftPackageReference section */

/* Begin XCSwiftPackageProductDependency section */
		D2C1E85628F7B60A007D060B /* SnapKit */ = {
			isa = XCSwiftPackageProductDependency;
			package = D2C1E85528F7B60A007D060B /* XCRemoteSwiftPackageReference "SnapKit" */;
			productName = SnapKit;
		};
/* End XCSwiftPackageProductDependency section */

/* Begin XCVersionGroup section */
		D2C1E82B28F7B527007D060B /* INSOPT_Second_Assignment22.xcdatamodeld */ = {
			isa = XCVersionGroup;
			children = (
				D2C1E82C28F7B527007D060B /* INSOPT_Second_Assignment22.xcdatamodel */,
			);
			currentVersion = D2C1E82C28F7B527007D060B /* INSOPT_Second_Assignment22.xcdatamodel */;
			path = INSOPT_Second_Assignment22.xcdatamodeld;
			sourceTree = "<group>";
			versionGroupType = wrapper.xcdatamodel;
		};
/* End XCVersionGroup section */
	};
	rootObject = D2C1E81728F7B527007D060B /* Project object */;
}
