// !$*UTF8*$!
{
	archiveVersion = 1;
	classes = {
	};
	objectVersion = 56;
	objects = {

/* Begin PBXBuildFile section */
		D202FC7628ED513D00ADC3D7 /* WelcomeView.swift in Sources */ = {isa = PBXBuildFile; fileRef = D202FC7528ED513D00ADC3D7 /* WelcomeView.swift */; };
		D243DB9928ED34F000AEA6EE /* AppDelegate.swift in Sources */ = {isa = PBXBuildFile; fileRef = D243DB9828ED34F000AEA6EE /* AppDelegate.swift */; };
		D243DB9B28ED34F000AEA6EE /* SceneDelegate.swift in Sources */ = {isa = PBXBuildFile; fileRef = D243DB9A28ED34F000AEA6EE /* SceneDelegate.swift */; };
		D243DB9D28ED34F000AEA6EE /* SignInView.swift in Sources */ = {isa = PBXBuildFile; fileRef = D243DB9C28ED34F000AEA6EE /* SignInView.swift */; };
		D243DBA028ED34F000AEA6EE /* Main.storyboard in Resources */ = {isa = PBXBuildFile; fileRef = D243DB9E28ED34F000AEA6EE /* Main.storyboard */; };
		D243DBA328ED34F000AEA6EE /* IN_SOPT_First_Assignment.xcdatamodeld in Sources */ = {isa = PBXBuildFile; fileRef = D243DBA128ED34F000AEA6EE /* IN_SOPT_First_Assignment.xcdatamodeld */; };
		D243DBA528ED34F100AEA6EE /* Assets.xcassets in Resources */ = {isa = PBXBuildFile; fileRef = D243DBA428ED34F100AEA6EE /* Assets.xcassets */; };
		D243DBA828ED34F100AEA6EE /* LaunchScreen.storyboard in Resources */ = {isa = PBXBuildFile; fileRef = D243DBA628ED34F100AEA6EE /* LaunchScreen.storyboard */; };
		D243DBB328ED34F100AEA6EE /* IN_SOPT_First_AssignmentTests.swift in Sources */ = {isa = PBXBuildFile; fileRef = D243DBB228ED34F100AEA6EE /* IN_SOPT_First_AssignmentTests.swift */; };
		D243DBBD28ED34F100AEA6EE /* IN_SOPT_First_AssignmentUITests.swift in Sources */ = {isa = PBXBuildFile; fileRef = D243DBBC28ED34F100AEA6EE /* IN_SOPT_First_AssignmentUITests.swift */; };
		D243DBBF28ED34F100AEA6EE /* IN_SOPT_First_AssignmentUITestsLaunchTests.swift in Sources */ = {isa = PBXBuildFile; fileRef = D243DBBE28ED34F100AEA6EE /* IN_SOPT_First_AssignmentUITestsLaunchTests.swift */; };
		D243DBCC28ED4DD900AEA6EE /* SignUpView.swift in Sources */ = {isa = PBXBuildFile; fileRef = D243DBCB28ED4DD900AEA6EE /* SignUpView.swift */; };
/* End PBXBuildFile section */

/* Begin PBXContainerItemProxy section */
		D243DBAF28ED34F100AEA6EE /* PBXContainerItemProxy */ = {
			isa = PBXContainerItemProxy;
			containerPortal = D243DB8D28ED34F000AEA6EE /* Project object */;
			proxyType = 1;
			remoteGlobalIDString = D243DB9428ED34F000AEA6EE;
			remoteInfo = IN_SOPT_First_Assignment;
		};
		D243DBB928ED34F100AEA6EE /* PBXContainerItemProxy */ = {
			isa = PBXContainerItemProxy;
			containerPortal = D243DB8D28ED34F000AEA6EE /* Project object */;
			proxyType = 1;
			remoteGlobalIDString = D243DB9428ED34F000AEA6EE;
			remoteInfo = IN_SOPT_First_Assignment;
		};
/* End PBXContainerItemProxy section */

/* Begin PBXFileReference section */
		D202FC7528ED513D00ADC3D7 /* WelcomeView.swift */ = {isa = PBXFileReference; lastKnownFileType = sourcecode.swift; path = WelcomeView.swift; sourceTree = "<group>"; };
		D243DB9528ED34F000AEA6EE /* IN_SOPT_First_Assignment.app */ = {isa = PBXFileReference; explicitFileType = wrapper.application; includeInIndex = 0; path = IN_SOPT_First_Assignment.app; sourceTree = BUILT_PRODUCTS_DIR; };
		D243DB9828ED34F000AEA6EE /* AppDelegate.swift */ = {isa = PBXFileReference; lastKnownFileType = sourcecode.swift; path = AppDelegate.swift; sourceTree = "<group>"; };
		D243DB9A28ED34F000AEA6EE /* SceneDelegate.swift */ = {isa = PBXFileReference; lastKnownFileType = sourcecode.swift; path = SceneDelegate.swift; sourceTree = "<group>"; };
		D243DB9C28ED34F000AEA6EE /* SignInView.swift */ = {isa = PBXFileReference; lastKnownFileType = sourcecode.swift; path = SignInView.swift; sourceTree = "<group>"; };
		D243DB9F28ED34F000AEA6EE /* Base */ = {isa = PBXFileReference; lastKnownFileType = file.storyboard; name = Base; path = Base.lproj/Main.storyboard; sourceTree = "<group>"; };
		D243DBA228ED34F000AEA6EE /* IN_SOPT_First_Assignment.xcdatamodel */ = {isa = PBXFileReference; lastKnownFileType = wrapper.xcdatamodel; path = IN_SOPT_First_Assignment.xcdatamodel; sourceTree = "<group>"; };
		D243DBA428ED34F100AEA6EE /* Assets.xcassets */ = {isa = PBXFileReference; lastKnownFileType = folder.assetcatalog; path = Assets.xcassets; sourceTree = "<group>"; };
		D243DBA728ED34F100AEA6EE /* Base */ = {isa = PBXFileReference; lastKnownFileType = file.storyboard; name = Base; path = Base.lproj/LaunchScreen.storyboard; sourceTree = "<group>"; };
		D243DBA928ED34F100AEA6EE /* Info.plist */ = {isa = PBXFileReference; lastKnownFileType = text.plist.xml; path = Info.plist; sourceTree = "<group>"; };
		D243DBAE28ED34F100AEA6EE /* IN_SOPT_First_AssignmentTests.xctest */ = {isa = PBXFileReference; explicitFileType = wrapper.cfbundle; includeInIndex = 0; path = IN_SOPT_First_AssignmentTests.xctest; sourceTree = BUILT_PRODUCTS_DIR; };
		D243DBB228ED34F100AEA6EE /* IN_SOPT_First_AssignmentTests.swift */ = {isa = PBXFileReference; lastKnownFileType = sourcecode.swift; path = IN_SOPT_First_AssignmentTests.swift; sourceTree = "<group>"; };
		D243DBB828ED34F100AEA6EE /* IN_SOPT_First_AssignmentUITests.xctest */ = {isa = PBXFileReference; explicitFileType = wrapper.cfbundle; includeInIndex = 0; path = IN_SOPT_First_AssignmentUITests.xctest; sourceTree = BUILT_PRODUCTS_DIR; };
		D243DBBC28ED34F100AEA6EE /* IN_SOPT_First_AssignmentUITests.swift */ = {isa = PBXFileReference; lastKnownFileType = sourcecode.swift; path = IN_SOPT_First_AssignmentUITests.swift; sourceTree = "<group>"; };
		D243DBBE28ED34F100AEA6EE /* IN_SOPT_First_AssignmentUITestsLaunchTests.swift */ = {isa = PBXFileReference; lastKnownFileType = sourcecode.swift; path = IN_SOPT_First_AssignmentUITestsLaunchTests.swift; sourceTree = "<group>"; };
		D243DBCB28ED4DD900AEA6EE /* SignUpView.swift */ = {isa = PBXFileReference; lastKnownFileType = sourcecode.swift; path = SignUpView.swift; sourceTree = "<group>"; };
/* End PBXFileReference section */

/* Begin PBXFrameworksBuildPhase section */
		D243DB9228ED34F000AEA6EE /* Frameworks */ = {
			isa = PBXFrameworksBuildPhase;
			buildActionMask = 2147483647;
			files = (
			);
			runOnlyForDeploymentPostprocessing = 0;
		};
		D243DBAB28ED34F100AEA6EE /* Frameworks */ = {
			isa = PBXFrameworksBuildPhase;
			buildActionMask = 2147483647;
			files = (
			);
			runOnlyForDeploymentPostprocessing = 0;
		};
		D243DBB528ED34F100AEA6EE /* Frameworks */ = {
			isa = PBXFrameworksBuildPhase;
			buildActionMask = 2147483647;
			files = (
			);
			runOnlyForDeploymentPostprocessing = 0;
		};
/* End PBXFrameworksBuildPhase section */

/* Begin PBXGroup section */
		D243DB8C28ED34F000AEA6EE = {
			isa = PBXGroup;
			children = (
				D243DB9728ED34F000AEA6EE /* IN_SOPT_First_Assignment */,
				D243DBB128ED34F100AEA6EE /* IN_SOPT_First_AssignmentTests */,
				D243DBBB28ED34F100AEA6EE /* IN_SOPT_First_AssignmentUITests */,
				D243DB9628ED34F000AEA6EE /* Products */,
			);
			sourceTree = "<group>";
		};
		D243DB9628ED34F000AEA6EE /* Products */ = {
			isa = PBXGroup;
			children = (
				D243DB9528ED34F000AEA6EE /* IN_SOPT_First_Assignment.app */,
				D243DBAE28ED34F100AEA6EE /* IN_SOPT_First_AssignmentTests.xctest */,
				D243DBB828ED34F100AEA6EE /* IN_SOPT_First_AssignmentUITests.xctest */,
			);
			name = Products;
			sourceTree = "<group>";
		};
		D243DB9728ED34F000AEA6EE /* IN_SOPT_First_Assignment */ = {
			isa = PBXGroup;
			children = (
				D243DB9828ED34F000AEA6EE /* AppDelegate.swift */,
				D243DB9A28ED34F000AEA6EE /* SceneDelegate.swift */,
				D243DB9C28ED34F000AEA6EE /* SignInView.swift */,
				D243DB9E28ED34F000AEA6EE /* Main.storyboard */,
				D243DBA428ED34F100AEA6EE /* Assets.xcassets */,
				D243DBA628ED34F100AEA6EE /* LaunchScreen.storyboard */,
				D243DBA928ED34F100AEA6EE /* Info.plist */,
				D243DBA128ED34F000AEA6EE /* IN_SOPT_First_Assignment.xcdatamodeld */,
				D243DBCB28ED4DD900AEA6EE /* SignUpView.swift */,
				D202FC7528ED513D00ADC3D7 /* WelcomeView.swift */,
			);
			path = IN_SOPT_First_Assignment;
			sourceTree = "<group>";
		};
		D243DBB128ED34F100AEA6EE /* IN_SOPT_First_AssignmentTests */ = {
			isa = PBXGroup;
			children = (
				D243DBB228ED34F100AEA6EE /* IN_SOPT_First_AssignmentTests.swift */,
			);
			path = IN_SOPT_First_AssignmentTests;
			sourceTree = "<group>";
		};
		D243DBBB28ED34F100AEA6EE /* IN_SOPT_First_AssignmentUITests */ = {
			isa = PBXGroup;
			children = (
				D243DBBC28ED34F100AEA6EE /* IN_SOPT_First_AssignmentUITests.swift */,
				D243DBBE28ED34F100AEA6EE /* IN_SOPT_First_AssignmentUITestsLaunchTests.swift */,
			);
			path = IN_SOPT_First_AssignmentUITests;
			sourceTree = "<group>";
		};
/* End PBXGroup section */

/* Begin PBXNativeTarget section */
		D243DB9428ED34F000AEA6EE /* IN_SOPT_First_Assignment */ = {
			isa = PBXNativeTarget;
			buildConfigurationList = D243DBC228ED34F100AEA6EE /* Build configuration list for PBXNativeTarget "IN_SOPT_First_Assignment" */;
			buildPhases = (
				D243DB9128ED34F000AEA6EE /* Sources */,
				D243DB9228ED34F000AEA6EE /* Frameworks */,
				D243DB9328ED34F000AEA6EE /* Resources */,
			);
			buildRules = (
			);
			dependencies = (
			);
			name = IN_SOPT_First_Assignment;
			productName = IN_SOPT_First_Assignment;
			productReference = D243DB9528ED34F000AEA6EE /* IN_SOPT_First_Assignment.app */;
			productType = "com.apple.product-type.application";
		};
		D243DBAD28ED34F100AEA6EE /* IN_SOPT_First_AssignmentTests */ = {
			isa = PBXNativeTarget;
			buildConfigurationList = D243DBC528ED34F100AEA6EE /* Build configuration list for PBXNativeTarget "IN_SOPT_First_AssignmentTests" */;
			buildPhases = (
				D243DBAA28ED34F100AEA6EE /* Sources */,
				D243DBAB28ED34F100AEA6EE /* Frameworks */,
				D243DBAC28ED34F100AEA6EE /* Resources */,
			);
			buildRules = (
			);
			dependencies = (
				D243DBB028ED34F100AEA6EE /* PBXTargetDependency */,
			);
			name = IN_SOPT_First_AssignmentTests;
			productName = IN_SOPT_First_AssignmentTests;
			productReference = D243DBAE28ED34F100AEA6EE /* IN_SOPT_First_AssignmentTests.xctest */;
			productType = "com.apple.product-type.bundle.unit-test";
		};
		D243DBB728ED34F100AEA6EE /* IN_SOPT_First_AssignmentUITests */ = {
			isa = PBXNativeTarget;
			buildConfigurationList = D243DBC828ED34F100AEA6EE /* Build configuration list for PBXNativeTarget "IN_SOPT_First_AssignmentUITests" */;
			buildPhases = (
				D243DBB428ED34F100AEA6EE /* Sources */,
				D243DBB528ED34F100AEA6EE /* Frameworks */,
				D243DBB628ED34F100AEA6EE /* Resources */,
			);
			buildRules = (
			);
			dependencies = (
				D243DBBA28ED34F100AEA6EE /* PBXTargetDependency */,
			);
			name = IN_SOPT_First_AssignmentUITests;
			productName = IN_SOPT_First_AssignmentUITests;
			productReference = D243DBB828ED34F100AEA6EE /* IN_SOPT_First_AssignmentUITests.xctest */;
			productType = "com.apple.product-type.bundle.ui-testing";
		};
/* End PBXNativeTarget section */

/* Begin PBXProject section */
		D243DB8D28ED34F000AEA6EE /* Project object */ = {
			isa = PBXProject;
			attributes = {
				BuildIndependentTargetsInParallel = 1;
				LastSwiftUpdateCheck = 1400;
				LastUpgradeCheck = 1400;
				TargetAttributes = {
					D243DB9428ED34F000AEA6EE = {
						CreatedOnToolsVersion = 14.0.1;
					};
					D243DBAD28ED34F100AEA6EE = {
						CreatedOnToolsVersion = 14.0.1;
						TestTargetID = D243DB9428ED34F000AEA6EE;
					};
					D243DBB728ED34F100AEA6EE = {
						CreatedOnToolsVersion = 14.0.1;
						TestTargetID = D243DB9428ED34F000AEA6EE;
					};
				};
			};
			buildConfigurationList = D243DB9028ED34F000AEA6EE /* Build configuration list for PBXProject "IN_SOPT_First_Assignment" */;
			compatibilityVersion = "Xcode 14.0";
			developmentRegion = en;
			hasScannedForEncodings = 0;
			knownRegions = (
				en,
				Base,
			);
			mainGroup = D243DB8C28ED34F000AEA6EE;
			productRefGroup = D243DB9628ED34F000AEA6EE /* Products */;
			projectDirPath = "";
			projectRoot = "";
			targets = (
				D243DB9428ED34F000AEA6EE /* IN_SOPT_First_Assignment */,
				D243DBAD28ED34F100AEA6EE /* IN_SOPT_First_AssignmentTests */,
				D243DBB728ED34F100AEA6EE /* IN_SOPT_First_AssignmentUITests */,
			);
		};
/* End PBXProject section */

/* Begin PBXResourcesBuildPhase section */
		D243DB9328ED34F000AEA6EE /* Resources */ = {
			isa = PBXResourcesBuildPhase;
			buildActionMask = 2147483647;
			files = (
				D243DBA828ED34F100AEA6EE /* LaunchScreen.storyboard in Resources */,
				D243DBA528ED34F100AEA6EE /* Assets.xcassets in Resources */,
				D243DBA028ED34F000AEA6EE /* Main.storyboard in Resources */,
			);
			runOnlyForDeploymentPostprocessing = 0;
		};
		D243DBAC28ED34F100AEA6EE /* Resources */ = {
			isa = PBXResourcesBuildPhase;
			buildActionMask = 2147483647;
			files = (
			);
			runOnlyForDeploymentPostprocessing = 0;
		};
		D243DBB628ED34F100AEA6EE /* Resources */ = {
			isa = PBXResourcesBuildPhase;
			buildActionMask = 2147483647;
			files = (
			);
			runOnlyForDeploymentPostprocessing = 0;
		};
/* End PBXResourcesBuildPhase section */

/* Begin PBXSourcesBuildPhase section */
		D243DB9128ED34F000AEA6EE /* Sources */ = {
			isa = PBXSourcesBuildPhase;
			buildActionMask = 2147483647;
			files = (
				D243DBA328ED34F000AEA6EE /* IN_SOPT_First_Assignment.xcdatamodeld in Sources */,
				D243DB9D28ED34F000AEA6EE /* SignInView.swift in Sources */,
				D243DB9928ED34F000AEA6EE /* AppDelegate.swift in Sources */,
				D243DBCC28ED4DD900AEA6EE /* SignUpView.swift in Sources */,
				D202FC7628ED513D00ADC3D7 /* WelcomeView.swift in Sources */,
				D243DB9B28ED34F000AEA6EE /* SceneDelegate.swift in Sources */,
			);
			runOnlyForDeploymentPostprocessing = 0;
		};
		D243DBAA28ED34F100AEA6EE /* Sources */ = {
			isa = PBXSourcesBuildPhase;
			buildActionMask = 2147483647;
			files = (
				D243DBB328ED34F100AEA6EE /* IN_SOPT_First_AssignmentTests.swift in Sources */,
			);
			runOnlyForDeploymentPostprocessing = 0;
		};
		D243DBB428ED34F100AEA6EE /* Sources */ = {
			isa = PBXSourcesBuildPhase;
			buildActionMask = 2147483647;
			files = (
				D243DBBD28ED34F100AEA6EE /* IN_SOPT_First_AssignmentUITests.swift in Sources */,
				D243DBBF28ED34F100AEA6EE /* IN_SOPT_First_AssignmentUITestsLaunchTests.swift in Sources */,
			);
			runOnlyForDeploymentPostprocessing = 0;
		};
/* End PBXSourcesBuildPhase section */

/* Begin PBXTargetDependency section */
		D243DBB028ED34F100AEA6EE /* PBXTargetDependency */ = {
			isa = PBXTargetDependency;
			target = D243DB9428ED34F000AEA6EE /* IN_SOPT_First_Assignment */;
			targetProxy = D243DBAF28ED34F100AEA6EE /* PBXContainerItemProxy */;
		};
		D243DBBA28ED34F100AEA6EE /* PBXTargetDependency */ = {
			isa = PBXTargetDependency;
			target = D243DB9428ED34F000AEA6EE /* IN_SOPT_First_Assignment */;
			targetProxy = D243DBB928ED34F100AEA6EE /* PBXContainerItemProxy */;
		};
/* End PBXTargetDependency section */

/* Begin PBXVariantGroup section */
		D243DB9E28ED34F000AEA6EE /* Main.storyboard */ = {
			isa = PBXVariantGroup;
			children = (
				D243DB9F28ED34F000AEA6EE /* Base */,
			);
			name = Main.storyboard;
			sourceTree = "<group>";
		};
		D243DBA628ED34F100AEA6EE /* LaunchScreen.storyboard */ = {
			isa = PBXVariantGroup;
			children = (
				D243DBA728ED34F100AEA6EE /* Base */,
			);
			name = LaunchScreen.storyboard;
			sourceTree = "<group>";
		};
/* End PBXVariantGroup section */

/* Begin XCBuildConfiguration section */
		D243DBC028ED34F100AEA6EE /* Debug */ = {
			isa = XCBuildConfiguration;
			buildSettings = {
				ALWAYS_SEARCH_USER_PATHS = NO;
				CLANG_ANALYZER_NONNULL = YES;
				CLANG_ANALYZER_NUMBER_OBJECT_CONVERSION = YES_AGGRESSIVE;
				CLANG_CXX_LANGUAGE_STANDARD = "gnu++20";
				CLANG_ENABLE_MODULES = YES;
				CLANG_ENABLE_OBJC_ARC = YES;
				CLANG_ENABLE_OBJC_WEAK = YES;
				CLANG_WARN_BLOCK_CAPTURE_AUTORELEASING = YES;
				CLANG_WARN_BOOL_CONVERSION = YES;
				CLANG_WARN_COMMA = YES;
				CLANG_WARN_CONSTANT_CONVERSION = YES;
				CLANG_WARN_DEPRECATED_OBJC_IMPLEMENTATIONS = YES;
				CLANG_WARN_DIRECT_OBJC_ISA_USAGE = YES_ERROR;
				CLANG_WARN_DOCUMENTATION_COMMENTS = YES;
				CLANG_WARN_EMPTY_BODY = YES;
				CLANG_WARN_ENUM_CONVERSION = YES;
				CLANG_WARN_INFINITE_RECURSION = YES;
				CLANG_WARN_INT_CONVERSION = YES;
				CLANG_WARN_NON_LITERAL_NULL_CONVERSION = YES;
				CLANG_WARN_OBJC_IMPLICIT_RETAIN_SELF = YES;
				CLANG_WARN_OBJC_LITERAL_CONVERSION = YES;
				CLANG_WARN_OBJC_ROOT_CLASS = YES_ERROR;
				CLANG_WARN_QUOTED_INCLUDE_IN_FRAMEWORK_HEADER = YES;
				CLANG_WARN_RANGE_LOOP_ANALYSIS = YES;
				CLANG_WARN_STRICT_PROTOTYPES = YES;
				CLANG_WARN_SUSPICIOUS_MOVE = YES;
				CLANG_WARN_UNGUARDED_AVAILABILITY = YES_AGGRESSIVE;
				CLANG_WARN_UNREACHABLE_CODE = YES;
				CLANG_WARN__DUPLICATE_METHOD_MATCH = YES;
				COPY_PHASE_STRIP = NO;
				DEBUG_INFORMATION_FORMAT = dwarf;
				ENABLE_STRICT_OBJC_MSGSEND = YES;
				ENABLE_TESTABILITY = YES;
				GCC_C_LANGUAGE_STANDARD = gnu11;
				GCC_DYNAMIC_NO_PIC = NO;
				GCC_NO_COMMON_BLOCKS = YES;
				GCC_OPTIMIZATION_LEVEL = 0;
				GCC_PREPROCESSOR_DEFINITIONS = (
					"DEBUG=1",
					"$(inherited)",
				);
				GCC_WARN_64_TO_32_BIT_CONVERSION = YES;
				GCC_WARN_ABOUT_RETURN_TYPE = YES_ERROR;
				GCC_WARN_UNDECLARED_SELECTOR = YES;
				GCC_WARN_UNINITIALIZED_AUTOS = YES_AGGRESSIVE;
				GCC_WARN_UNUSED_FUNCTION = YES;
				GCC_WARN_UNUSED_VARIABLE = YES;
				IPHONEOS_DEPLOYMENT_TARGET = 16.0;
				MTL_ENABLE_DEBUG_INFO = INCLUDE_SOURCE;
				MTL_FAST_MATH = YES;
				ONLY_ACTIVE_ARCH = YES;
				SDKROOT = iphoneos;
				SWIFT_ACTIVE_COMPILATION_CONDITIONS = DEBUG;
				SWIFT_OPTIMIZATION_LEVEL = "-Onone";
			};
			name = Debug;
		};
		D243DBC128ED34F100AEA6EE /* Release */ = {
			isa = XCBuildConfiguration;
			buildSettings = {
				ALWAYS_SEARCH_USER_PATHS = NO;
				CLANG_ANALYZER_NONNULL = YES;
				CLANG_ANALYZER_NUMBER_OBJECT_CONVERSION = YES_AGGRESSIVE;
				CLANG_CXX_LANGUAGE_STANDARD = "gnu++20";
				CLANG_ENABLE_MODULES = YES;
				CLANG_ENABLE_OBJC_ARC = YES;
				CLANG_ENABLE_OBJC_WEAK = YES;
				CLANG_WARN_BLOCK_CAPTURE_AUTORELEASING = YES;
				CLANG_WARN_BOOL_CONVERSION = YES;
				CLANG_WARN_COMMA = YES;
				CLANG_WARN_CONSTANT_CONVERSION = YES;
				CLANG_WARN_DEPRECATED_OBJC_IMPLEMENTATIONS = YES;
				CLANG_WARN_DIRECT_OBJC_ISA_USAGE = YES_ERROR;
				CLANG_WARN_DOCUMENTATION_COMMENTS = YES;
				CLANG_WARN_EMPTY_BODY = YES;
				CLANG_WARN_ENUM_CONVERSION = YES;
				CLANG_WARN_INFINITE_RECURSION = YES;
				CLANG_WARN_INT_CONVERSION = YES;
				CLANG_WARN_NON_LITERAL_NULL_CONVERSION = YES;
				CLANG_WARN_OBJC_IMPLICIT_RETAIN_SELF = YES;
				CLANG_WARN_OBJC_LITERAL_CONVERSION = YES;
				CLANG_WARN_OBJC_ROOT_CLASS = YES_ERROR;
				CLANG_WARN_QUOTED_INCLUDE_IN_FRAMEWORK_HEADER = YES;
				CLANG_WARN_RANGE_LOOP_ANALYSIS = YES;
				CLANG_WARN_STRICT_PROTOTYPES = YES;
				CLANG_WARN_SUSPICIOUS_MOVE = YES;
				CLANG_WARN_UNGUARDED_AVAILABILITY = YES_AGGRESSIVE;
				CLANG_WARN_UNREACHABLE_CODE = YES;
				CLANG_WARN__DUPLICATE_METHOD_MATCH = YES;
				COPY_PHASE_STRIP = NO;
				DEBUG_INFORMATION_FORMAT = "dwarf-with-dsym";
				ENABLE_NS_ASSERTIONS = NO;
				ENABLE_STRICT_OBJC_MSGSEND = YES;
				GCC_C_LANGUAGE_STANDARD = gnu11;
				GCC_NO_COMMON_BLOCKS = YES;
				GCC_WARN_64_TO_32_BIT_CONVERSION = YES;
				GCC_WARN_ABOUT_RETURN_TYPE = YES_ERROR;
				GCC_WARN_UNDECLARED_SELECTOR = YES;
				GCC_WARN_UNINITIALIZED_AUTOS = YES_AGGRESSIVE;
				GCC_WARN_UNUSED_FUNCTION = YES;
				GCC_WARN_UNUSED_VARIABLE = YES;
				IPHONEOS_DEPLOYMENT_TARGET = 16.0;
				MTL_ENABLE_DEBUG_INFO = NO;
				MTL_FAST_MATH = YES;
				SDKROOT = iphoneos;
				SWIFT_COMPILATION_MODE = wholemodule;
				SWIFT_OPTIMIZATION_LEVEL = "-O";
				VALIDATE_PRODUCT = YES;
			};
			name = Release;
		};
		D243DBC328ED34F100AEA6EE /* Debug */ = {
			isa = XCBuildConfiguration;
			buildSettings = {
				ASSETCATALOG_COMPILER_APPICON_NAME = AppIcon;
				ASSETCATALOG_COMPILER_GLOBAL_ACCENT_COLOR_NAME = AccentColor;
				CODE_SIGN_STYLE = Automatic;
				CURRENT_PROJECT_VERSION = 1;
				DEVELOPMENT_TEAM = 27VUFHH5W2;
				GENERATE_INFOPLIST_FILE = YES;
				INFOPLIST_FILE = IN_SOPT_First_Assignment/Info.plist;
				INFOPLIST_KEY_UIApplicationSupportsIndirectInputEvents = YES;
				INFOPLIST_KEY_UILaunchStoryboardName = LaunchScreen;
				INFOPLIST_KEY_UIMainStoryboardFile = Main;
				INFOPLIST_KEY_UISupportedInterfaceOrientations_iPad = "UIInterfaceOrientationPortrait UIInterfaceOrientationPortraitUpsideDown UIInterfaceOrientationLandscapeLeft UIInterfaceOrientationLandscapeRight";
				INFOPLIST_KEY_UISupportedInterfaceOrientations_iPhone = "UIInterfaceOrientationPortrait UIInterfaceOrientationLandscapeLeft UIInterfaceOrientationLandscapeRight";
				LD_RUNPATH_SEARCH_PATHS = (
					"$(inherited)",
					"@executable_path/Frameworks",
				);
				MARKETING_VERSION = 1.0;
				PRODUCT_BUNDLE_IDENTIFIER = "heejae.IN-SOPT-First-Assignment";
				PRODUCT_NAME = "$(TARGET_NAME)";
				SWIFT_EMIT_LOC_STRINGS = YES;
				SWIFT_VERSION = 5.0;
				TARGETED_DEVICE_FAMILY = "1,2";
			};
			name = Debug;
		};
		D243DBC428ED34F100AEA6EE /* Release */ = {
			isa = XCBuildConfiguration;
			buildSettings = {
				ASSETCATALOG_COMPILER_APPICON_NAME = AppIcon;
				ASSETCATALOG_COMPILER_GLOBAL_ACCENT_COLOR_NAME = AccentColor;
				CODE_SIGN_STYLE = Automatic;
				CURRENT_PROJECT_VERSION = 1;
				DEVELOPMENT_TEAM = 27VUFHH5W2;
				GENERATE_INFOPLIST_FILE = YES;
				INFOPLIST_FILE = IN_SOPT_First_Assignment/Info.plist;
				INFOPLIST_KEY_UIApplicationSupportsIndirectInputEvents = YES;
				INFOPLIST_KEY_UILaunchStoryboardName = LaunchScreen;
				INFOPLIST_KEY_UIMainStoryboardFile = Main;
				INFOPLIST_KEY_UISupportedInterfaceOrientations_iPad = "UIInterfaceOrientationPortrait UIInterfaceOrientationPortraitUpsideDown UIInterfaceOrientationLandscapeLeft UIInterfaceOrientationLandscapeRight";
				INFOPLIST_KEY_UISupportedInterfaceOrientations_iPhone = "UIInterfaceOrientationPortrait UIInterfaceOrientationLandscapeLeft UIInterfaceOrientationLandscapeRight";
				LD_RUNPATH_SEARCH_PATHS = (
					"$(inherited)",
					"@executable_path/Frameworks",
				);
				MARKETING_VERSION = 1.0;
				PRODUCT_BUNDLE_IDENTIFIER = "heejae.IN-SOPT-First-Assignment";
				PRODUCT_NAME = "$(TARGET_NAME)";
				SWIFT_EMIT_LOC_STRINGS = YES;
				SWIFT_VERSION = 5.0;
				TARGETED_DEVICE_FAMILY = "1,2";
			};
			name = Release;
		};
		D243DBC628ED34F100AEA6EE /* Debug */ = {
			isa = XCBuildConfiguration;
			buildSettings = {
				ALWAYS_EMBED_SWIFT_STANDARD_LIBRARIES = YES;
				BUNDLE_LOADER = "$(TEST_HOST)";
				CODE_SIGN_STYLE = Automatic;
				CURRENT_PROJECT_VERSION = 1;
				DEVELOPMENT_TEAM = 27VUFHH5W2;
				GENERATE_INFOPLIST_FILE = YES;
				IPHONEOS_DEPLOYMENT_TARGET = 16.0;
				MARKETING_VERSION = 1.0;
				PRODUCT_BUNDLE_IDENTIFIER = "heejae.IN-SOPT-First-AssignmentTests";
				PRODUCT_NAME = "$(TARGET_NAME)";
				SWIFT_EMIT_LOC_STRINGS = NO;
				SWIFT_VERSION = 5.0;
				TARGETED_DEVICE_FAMILY = "1,2";
				TEST_HOST = "$(BUILT_PRODUCTS_DIR)/IN_SOPT_First_Assignment.app/$(BUNDLE_EXECUTABLE_FOLDER_PATH)/IN_SOPT_First_Assignment";
			};
			name = Debug;
		};
		D243DBC728ED34F100AEA6EE /* Release */ = {
			isa = XCBuildConfiguration;
			buildSettings = {
				ALWAYS_EMBED_SWIFT_STANDARD_LIBRARIES = YES;
				BUNDLE_LOADER = "$(TEST_HOST)";
				CODE_SIGN_STYLE = Automatic;
				CURRENT_PROJECT_VERSION = 1;
				DEVELOPMENT_TEAM = 27VUFHH5W2;
				GENERATE_INFOPLIST_FILE = YES;
				IPHONEOS_DEPLOYMENT_TARGET = 16.0;
				MARKETING_VERSION = 1.0;
				PRODUCT_BUNDLE_IDENTIFIER = "heejae.IN-SOPT-First-AssignmentTests";
				PRODUCT_NAME = "$(TARGET_NAME)";
				SWIFT_EMIT_LOC_STRINGS = NO;
				SWIFT_VERSION = 5.0;
				TARGETED_DEVICE_FAMILY = "1,2";
				TEST_HOST = "$(BUILT_PRODUCTS_DIR)/IN_SOPT_First_Assignment.app/$(BUNDLE_EXECUTABLE_FOLDER_PATH)/IN_SOPT_First_Assignment";
			};
			name = Release;
		};
		D243DBC928ED34F100AEA6EE /* Debug */ = {
			isa = XCBuildConfiguration;
			buildSettings = {
				ALWAYS_EMBED_SWIFT_STANDARD_LIBRARIES = YES;
				CODE_SIGN_STYLE = Automatic;
				CURRENT_PROJECT_VERSION = 1;
				DEVELOPMENT_TEAM = 27VUFHH5W2;
				GENERATE_INFOPLIST_FILE = YES;
				MARKETING_VERSION = 1.0;
				PRODUCT_BUNDLE_IDENTIFIER = "heejae.IN-SOPT-First-AssignmentUITests";
				PRODUCT_NAME = "$(TARGET_NAME)";
				SWIFT_EMIT_LOC_STRINGS = NO;
				SWIFT_VERSION = 5.0;
				TARGETED_DEVICE_FAMILY = "1,2";
				TEST_TARGET_NAME = IN_SOPT_First_Assignment;
			};
			name = Debug;
		};
		D243DBCA28ED34F100AEA6EE /* Release */ = {
			isa = XCBuildConfiguration;
			buildSettings = {
				ALWAYS_EMBED_SWIFT_STANDARD_LIBRARIES = YES;
				CODE_SIGN_STYLE = Automatic;
				CURRENT_PROJECT_VERSION = 1;
				DEVELOPMENT_TEAM = 27VUFHH5W2;
				GENERATE_INFOPLIST_FILE = YES;
				MARKETING_VERSION = 1.0;
				PRODUCT_BUNDLE_IDENTIFIER = "heejae.IN-SOPT-First-AssignmentUITests";
				PRODUCT_NAME = "$(TARGET_NAME)";
				SWIFT_EMIT_LOC_STRINGS = NO;
				SWIFT_VERSION = 5.0;
				TARGETED_DEVICE_FAMILY = "1,2";
				TEST_TARGET_NAME = IN_SOPT_First_Assignment;
			};
			name = Release;
		};
/* End XCBuildConfiguration section */

/* Begin XCConfigurationList section */
		D243DB9028ED34F000AEA6EE /* Build configuration list for PBXProject "IN_SOPT_First_Assignment" */ = {
			isa = XCConfigurationList;
			buildConfigurations = (
				D243DBC028ED34F100AEA6EE /* Debug */,
				D243DBC128ED34F100AEA6EE /* Release */,
			);
			defaultConfigurationIsVisible = 0;
			defaultConfigurationName = Release;
		};
		D243DBC228ED34F100AEA6EE /* Build configuration list for PBXNativeTarget "IN_SOPT_First_Assignment" */ = {
			isa = XCConfigurationList;
			buildConfigurations = (
				D243DBC328ED34F100AEA6EE /* Debug */,
				D243DBC428ED34F100AEA6EE /* Release */,
			);
			defaultConfigurationIsVisible = 0;
			defaultConfigurationName = Release;
		};
		D243DBC528ED34F100AEA6EE /* Build configuration list for PBXNativeTarget "IN_SOPT_First_AssignmentTests" */ = {
			isa = XCConfigurationList;
			buildConfigurations = (
				D243DBC628ED34F100AEA6EE /* Debug */,
				D243DBC728ED34F100AEA6EE /* Release */,
			);
			defaultConfigurationIsVisible = 0;
			defaultConfigurationName = Release;
		};
		D243DBC828ED34F100AEA6EE /* Build configuration list for PBXNativeTarget "IN_SOPT_First_AssignmentUITests" */ = {
			isa = XCConfigurationList;
			buildConfigurations = (
				D243DBC928ED34F100AEA6EE /* Debug */,
				D243DBCA28ED34F100AEA6EE /* Release */,
			);
			defaultConfigurationIsVisible = 0;
			defaultConfigurationName = Release;
		};
/* End XCConfigurationList section */

/* Begin XCVersionGroup section */
		D243DBA128ED34F000AEA6EE /* IN_SOPT_First_Assignment.xcdatamodeld */ = {
			isa = XCVersionGroup;
			children = (
				D243DBA228ED34F000AEA6EE /* IN_SOPT_First_Assignment.xcdatamodel */,
			);
			currentVersion = D243DBA228ED34F000AEA6EE /* IN_SOPT_First_Assignment.xcdatamodel */;
			path = IN_SOPT_First_Assignment.xcdatamodeld;
			sourceTree = "<group>";
			versionGroupType = wrapper.xcdatamodel;
		};
/* End XCVersionGroup section */
	};
	rootObject = D243DB8D28ED34F000AEA6EE /* Project object */;
}
